
Microsoft Visual Studio Solution File, Format Version 11.00
# Visual Studio 2010
Project("{FAE04EC0-301F-11D3-BF4B-00C04F79EFBC}") = "clojurewm.console", "src\clojurewm.console\clojurewm.console.csproj", "{6D4365DB-BFFF-431A-B0D9-BCEE9461AF30}"
EndProject
Project("{FAE04EC0-301F-11D3-BF4B-00C04F79EFBC}") = "clojurewm", "src\clojurewm\clojurewm.csproj", "{5A0BE8CB-023D-4A9E-87EF-347189576A0D}"
EndProject
Project("{2150E333-8FDC-42A3-9474-1A3956D46DE8}") = ".nuget", ".nuget", "{3BDD39E7-3604-4BAA-96AE-4494A218F37A}"
	ProjectSection(SolutionItems) = preProject
		.nuget\NuGet.Config = .nuget\NuGet.Config
		.nuget\NuGet.exe = .nuget\NuGet.exe
		.nuget\NuGet.targets = .nuget\NuGet.targets
	EndProjectSection
EndProject
Project("{FAE04EC0-301F-11D3-BF4B-00C04F79EFBC}") = "clojurewm.run", "src\clojurewm.run\clojurewm.run.csproj", "{DFAC277F-344D-42F5-A166-D95E96289F39}"
EndProject
Project("{FAE04EC0-301F-11D3-BF4B-00C04F79EFBC}") = "clojurewm.forms", "src\clojurewm.forms\clojurewm.forms.csproj", "{16C5C6D8-E0B6-495A-B37D-75310086690A}"
EndProject
Project("{FAE04EC0-301F-11D3-BF4B-00C04F79EFBC}") = "clojurewm.wpf", "src\clojurewm.wpf\clojurewm.wpf.csproj", "{1F474B63-6B25-478A-84E1-8A0A967FB160}"
EndProject
Global
	GlobalSection(SolutionConfigurationPlatforms) = preSolution
		Debug|Any CPU = Debug|Any CPU
		Debug|Mixed Platforms = Debug|Mixed Platforms
		Debug|x86 = Debug|x86
		Release|Any CPU = Release|Any CPU
		Release|Mixed Platforms = Release|Mixed Platforms
		Release|x86 = Release|x86
	EndGlobalSection
	GlobalSection(ProjectConfigurationPlatforms) = postSolution
		{6D4365DB-BFFF-431A-B0D9-BCEE9461AF30}.Debug|Any CPU.ActiveCfg = Debug|x86
		{6D4365DB-BFFF-431A-B0D9-BCEE9461AF30}.Debug|Mixed Platforms.ActiveCfg = Debug|x86
		{6D4365DB-BFFF-431A-B0D9-BCEE9461AF30}.Debug|Mixed Platforms.Build.0 = Debug|x86
		{6D4365DB-BFFF-431A-B0D9-BCEE9461AF30}.Debug|x86.ActiveCfg = Debug|x86
		{6D4365DB-BFFF-431A-B0D9-BCEE9461AF30}.Debug|x86.Build.0 = Debug|x86
		{6D4365DB-BFFF-431A-B0D9-BCEE9461AF30}.Release|Any CPU.ActiveCfg = Release|x86
		{6D4365DB-BFFF-431A-B0D9-BCEE9461AF30}.Release|Mixed Platforms.ActiveCfg = Release|x86
		{6D4365DB-BFFF-431A-B0D9-BCEE9461AF30}.Release|Mixed Platforms.Build.0 = Release|x86
		{6D4365DB-BFFF-431A-B0D9-BCEE9461AF30}.Release|x86.ActiveCfg = Release|x86
		{6D4365DB-BFFF-431A-B0D9-BCEE9461AF30}.Release|x86.Build.0 = Release|x86
		{5A0BE8CB-023D-4A9E-87EF-347189576A0D}.Debug|Any CPU.ActiveCfg = Debug|Any CPU
		{5A0BE8CB-023D-4A9E-87EF-347189576A0D}.Debug|Any CPU.Build.0 = Debug|Any CPU
		{5A0BE8CB-023D-4A9E-87EF-347189576A0D}.Debug|Mixed Platforms.ActiveCfg = Debug|Any CPU
		{5A0BE8CB-023D-4A9E-87EF-347189576A0D}.Debug|Mixed Platforms.Build.0 = Debug|Any CPU
		{5A0BE8CB-023D-4A9E-87EF-347189576A0D}.Debug|x86.ActiveCfg = Debug|Any CPU
		{5A0BE8CB-023D-4A9E-87EF-347189576A0D}.Release|Any CPU.ActiveCfg = Release|Any CPU
		{5A0BE8CB-023D-4A9E-87EF-347189576A0D}.Release|Any CPU.Build.0 = Release|Any CPU
		{5A0BE8CB-023D-4A9E-87EF-347189576A0D}.Release|Mixed Platforms.ActiveCfg = Release|Any CPU
		{5A0BE8CB-023D-4A9E-87EF-347189576A0D}.Release|Mixed Platforms.Build.0 = Release|Any CPU
		{5A0BE8CB-023D-4A9E-87EF-347189576A0D}.Release|x86.ActiveCfg = Release|Any CPU
		{DFAC277F-344D-42F5-A166-D95E96289F39}.Debug|Any CPU.ActiveCfg = Debug|Any CPU
		{DFAC277F-344D-42F5-A166-D95E96289F39}.Debug|Any CPU.Build.0 = Debug|Any CPU
		{DFAC277F-344D-42F5-A166-D95E96289F39}.Debug|Mixed Platforms.ActiveCfg = Debug|Any CPU
		{DFAC277F-344D-42F5-A166-D95E96289F39}.Debug|Mixed Platforms.Build.0 = Debug|Any CPU
		{DFAC277F-344D-42F5-A166-D95E96289F39}.Debug|x86.ActiveCfg = Debug|Any CPU
		{DFAC277F-344D-42F5-A166-D95E96289F39}.Release|Any CPU.ActiveCfg = Release|Any CPU
		{DFAC277F-344D-42F5-A166-D95E96289F39}.Release|Any CPU.Build.0 = Release|Any CPU
		{DFAC277F-344D-42F5-A166-D95E96289F39}.Release|Mixed Platforms.ActiveCfg = Release|Any CPU
		{DFAC277F-344D-42F5-A166-D95E96289F39}.Release|Mixed Platforms.Build.0 = Release|Any CPU
		{DFAC277F-344D-42F5-A166-D95E96289F39}.Release|x86.ActiveCfg = Release|Any CPU
		{16C5C6D8-E0B6-495A-B37D-75310086690A}.Debug|Any CPU.ActiveCfg = Debug|x86
		{16C5C6D8-E0B6-495A-B37D-75310086690A}.Debug|Mixed Platforms.ActiveCfg = Debug|x86
		{16C5C6D8-E0B6-495A-B37D-75310086690A}.Debug|Mixed Platforms.Build.0 = Debug|x86
		{16C5C6D8-E0B6-495A-B37D-75310086690A}.Debug|x86.ActiveCfg = Debug|x86
		{16C5C6D8-E0B6-495A-B37D-75310086690A}.Debug|x86.Build.0 = Debug|x86
		{16C5C6D8-E0B6-495A-B37D-75310086690A}.Release|Any CPU.ActiveCfg = Release|x86
		{16C5C6D8-E0B6-495A-B37D-75310086690A}.Release|Mixed Platforms.ActiveCfg = Release|x86
		{16C5C6D8-E0B6-495A-B37D-75310086690A}.Release|Mixed Platforms.Build.0 = Release|x86
		{16C5C6D8-E0B6-495A-B37D-75310086690A}.Release|x86.ActiveCfg = Release|x86
		{16C5C6D8-E0B6-495A-B37D-75310086690A}.Release|x86.Build.0 = Release|x86
		{1F474B63-6B25-478A-84E1-8A0A967FB160}.Debug|Any CPU.ActiveCfg = Debug|x86
		{1F474B63-6B25-478A-84E1-8A0A967FB160}.Debug|Mixed Platforms.ActiveCfg = Debug|x86
		{1F474B63-6B25-478A-84E1-8A0A967FB160}.Debug|Mixed Platforms.Build.0 = Debug|x86
		{1F474B63-6B25-478A-84E1-8A0A967FB160}.Debug|x86.ActiveCfg = Debug|x86
		{1F474B63-6B25-478A-84E1-8A0A967FB160}.Debug|x86.Build.0 = Debug|x86
		{1F474B63-6B25-478A-84E1-8A0A967FB160}.Release|Any CPU.ActiveCfg = Release|x86
		{1F474B63-6B25-478A-84E1-8A0A967FB160}.Release|Mixed Platforms.ActiveCfg = Release|x86
		{1F474B63-6B25-478A-84E1-8A0A967FB160}.Release|Mixed Platforms.Build.0 = Release|x86
		{1F474B63-6B25-478A-84E1-8A0A967FB160}.Release|x86.ActiveCfg = Release|x86
		{1F474B63-6B25-478A-84E1-8A0A967FB160}.Release|x86.Build.0 = Release|x86
	EndGlobalSection
	GlobalSection(SolutionProperties) = preSolution
		HideSolutionNode = FALSE
	EndGlobalSection
EndGlobal
